
Microsoft Visual Studio Solution File, Format Version 12.00
# Visual Studio 14
VisualStudioVersion = 14.0.23107.0
MinimumVisualStudioVersion = 10.0.40219.1
Project("{FAE04EC0-301F-11D3-BF4B-00C04F79EFBC}") = "RecapDemo1", "RecapDemo1\RecapDemo1.csproj", "{44075A5D-B7FB-4B6A-967F-B10742D9B2FE}"
EndProject
Global
	GlobalSection(SolutionConfigurationPlatforms) = preSolution
		Debug|Any CPU = Debug|Any CPU
		Release|Any CPU = Release|Any CPU
	EndGlobalSection
	GlobalSection(ProjectConfigurationPlatforms) = postSolution
		{44075A5D-B7FB-4B6A-967F-B10742D9B2FE}.Debug|Any CPU.ActiveCfg = Debug|Any CPU
		{44075A5D-B7FB-4B6A-967F-B10742D9B2FE}.Debug|Any CPU.Build.0 = Debug|Any CPU
		{44075A5D-B7FB-4B6A-967F-B10742D9B2FE}.Release|Any CPU.ActiveCfg = Release|Any CPU
		{44075A5D-B7FB-4B6A-967F-B10742D9B2FE}.Release|Any CPU.Build.0 = Release|Any CPU
	EndGlobalSection
	GlobalSection(SolutionProperties) = preSolution
		HideSolutionNode = FALSE
	EndGlobalSection
EndGlobal
